
Microsoft Visual Studio Solution File, Format Version 12.00
# Visual Studio Version 16
VisualStudioVersion = 16.0.32901.82
MinimumVisualStudioVersion = 10.0.40219.1
Project("{FAE04EC0-301F-11D3-BF4B-00C04F79EFBC}") = "exercice21", "exercice21\exercice21.csproj", "{D3207DF4-149F-4371-BBF0-D9DF247F0C6D}"
EndProject
Global
	GlobalSection(SolutionConfigurationPlatforms) = preSolution
		Debug|Any CPU = Debug|Any CPU
		Release|Any CPU = Release|Any CPU
	EndGlobalSection
	GlobalSection(ProjectConfigurationPlatforms) = postSolution
		{D3207DF4-149F-4371-BBF0-D9DF247F0C6D}.Debug|Any CPU.ActiveCfg = Debug|Any CPU
		{D3207DF4-149F-4371-BBF0-D9DF247F0C6D}.Debug|Any CPU.Build.0 = Debug|Any CPU
		{D3207DF4-149F-4371-BBF0-D9DF247F0C6D}.Release|Any CPU.ActiveCfg = Release|Any CPU
		{D3207DF4-149F-4371-BBF0-D9DF247F0C6D}.Release|Any CPU.Build.0 = Release|Any CPU
	EndGlobalSection
	GlobalSection(SolutionProperties) = preSolution
		HideSolutionNode = FALSE
	EndGlobalSection
	GlobalSection(ExtensibilityGlobals) = postSolution
		SolutionGuid = {3E4B52C2-E2D1-43D7-9415-4661F724938F}
	EndGlobalSection
EndGlobal
